
Microsoft Visual Studio Solution File, Format Version 12.00
# Visual Studio Version 17
VisualStudioVersion = 17.9.34728.123
MinimumVisualStudioVersion = 10.0.40219.1
Project("{FAE04EC0-301F-11D3-BF4B-00C04F79EFBC}") = "WpfWeatherApp", "WpfWeatherApp\WpfWeatherApp.csproj", "{9568571F-A072-4AB9-B44D-4F8C332D01BC}"
EndProject
Global
	GlobalSection(SolutionConfigurationPlatforms) = preSolution
		Debug|Any CPU = Debug|Any CPU
		Release|Any CPU = Release|Any CPU
	EndGlobalSection
	GlobalSection(ProjectConfigurationPlatforms) = postSolution
		{9568571F-A072-4AB9-B44D-4F8C332D01BC}.Debug|Any CPU.ActiveCfg = Debug|Any CPU
		{9568571F-A072-4AB9-B44D-4F8C332D01BC}.Debug|Any CPU.Build.0 = Debug|Any CPU
		{9568571F-A072-4AB9-B44D-4F8C332D01BC}.Release|Any CPU.ActiveCfg = Release|Any CPU
		{9568571F-A072-4AB9-B44D-4F8C332D01BC}.Release|Any CPU.Build.0 = Release|Any CPU
	EndGlobalSection
	GlobalSection(SolutionProperties) = preSolution
		HideSolutionNode = FALSE
	EndGlobalSection
	GlobalSection(ExtensibilityGlobals) = postSolution
		SolutionGuid = {A1853650-AD97-47CA-9A59-D96FD8F50CF1}
	EndGlobalSection
EndGlobal
